
Microsoft Visual Studio Solution File, Format Version 10.00
# Visual Studio 2008
Project("{8BC9CEB8-8B4A-11D0-8D11-00A0C91BC942}") = "RubiksDivide", "RubiksDivide.vcproj", "{0672C3EE-0945-47C6-A078-ABE419B0D513}"
EndProject
Global
	GlobalSection(SolutionConfigurationPlatforms) = preSolution
		Debug|Win32 = Debug|Win32
		Release|Win32 = Release|Win32
	EndGlobalSection
	GlobalSection(ProjectConfigurationPlatforms) = postSolution
		{0672C3EE-0945-47C6-A078-ABE419B0D513}.Debug|Win32.ActiveCfg = Debug|Win32
		{0672C3EE-0945-47C6-A078-ABE419B0D513}.Debug|Win32.Build.0 = Debug|Win32
		{0672C3EE-0945-47C6-A078-ABE419B0D513}.Release|Win32.ActiveCfg = Release|Win32
		{0672C3EE-0945-47C6-A078-ABE419B0D513}.Release|Win32.Build.0 = Release|Win32
	EndGlobalSection
	GlobalSection(SolutionProperties) = preSolution
		HideSolutionNode = FALSE
	EndGlobalSection
EndGlobal
